{
  "name": "object-detection",
  "version": "1.0.0",
  "lockfileVersion": 1,
  "requires": true,
  "dependencies": {
    "@advantech/service-regex": {
      "version": "1.6.4",
      "resolved": "http://172.22.27.132:55000/@advantech%2fservice-regex/-/service-regex-1.6.4.tgz",
      "integrity": "sha512-12ZSKX4zTXNORuyNxvTqwXEwiXgIS51AWRJHg9aRHC3GVFApvfmbSdIOwYvK5b4kTScDH9Ss7a0vpPv+Oo4/EQ=="
    }
  }
}
